# THIS IS AN AUTOGENERATED FILE. DO NOT EDIT THIS FILE DIRECTLY.
# yarn lockfile v1


my-website@0.0.0:
  version "0.0.0"
  dependencies:
    "@docusaurus/core" "3.6.3"
    "@docusaurus/preset-classic" "3.6.3"
    "@mdx-js/react" "^3.0.0"
    clsx "^2.0.0"
    prism-react-renderer "^2.3.0"
    react "^18.0.0"
    react-dom "^18.0.0"

